
Microsoft Visual Studio Solution File, Format Version 12.00
# Visual Studio 14
VisualStudioVersion = 14.0.23107.0
MinimumVisualStudioVersion = 10.0.40219.1
Project("{F184B08F-C81C-45F6-A57F-5ABD9991F28F}") = "MDIS-DESIGN", "MDIS-DESIGN\MDIS-DESIGN.vbproj", "{194048AE-523C-4144-8B26-C2B424BBA663}"
EndProject
Global
	GlobalSection(SolutionConfigurationPlatforms) = preSolution
		Debug|Any CPU = Debug|Any CPU
		Release|Any CPU = Release|Any CPU
	EndGlobalSection
	GlobalSection(ProjectConfigurationPlatforms) = postSolution
		{194048AE-523C-4144-8B26-C2B424BBA663}.Debug|Any CPU.ActiveCfg = Debug|Any CPU
		{194048AE-523C-4144-8B26-C2B424BBA663}.Debug|Any CPU.Build.0 = Debug|Any CPU
		{194048AE-523C-4144-8B26-C2B424BBA663}.Release|Any CPU.ActiveCfg = Release|Any CPU
		{194048AE-523C-4144-8B26-C2B424BBA663}.Release|Any CPU.Build.0 = Release|Any CPU
	EndGlobalSection
	GlobalSection(SolutionProperties) = preSolution
		HideSolutionNode = FALSE
	EndGlobalSection
EndGlobal
